
Microsoft Visual Studio Solution File, Format Version 12.00
# Visual Studio Version 17
VisualStudioVersion = 17.10.34916.146
MinimumVisualStudioVersion = 10.0.40219.1
Project("{FAE04EC0-301F-11D3-BF4B-00C04F79EFBC}") = "StreamReaderTest", "StreamReaderTest\StreamReaderTest.csproj", "{D042BB43-CB91-40AF-855F-486AD9E071CC}"
EndProject
Global
	GlobalSection(SolutionConfigurationPlatforms) = preSolution
		Debug|Any CPU = Debug|Any CPU
		Release|Any CPU = Release|Any CPU
	EndGlobalSection
	GlobalSection(ProjectConfigurationPlatforms) = postSolution
		{D042BB43-CB91-40AF-855F-486AD9E071CC}.Debug|Any CPU.ActiveCfg = Debug|Any CPU
		{D042BB43-CB91-40AF-855F-486AD9E071CC}.Debug|Any CPU.Build.0 = Debug|Any CPU
		{D042BB43-CB91-40AF-855F-486AD9E071CC}.Release|Any CPU.ActiveCfg = Release|Any CPU
		{D042BB43-CB91-40AF-855F-486AD9E071CC}.Release|Any CPU.Build.0 = Release|Any CPU
	EndGlobalSection
	GlobalSection(SolutionProperties) = preSolution
		HideSolutionNode = FALSE
	EndGlobalSection
	GlobalSection(ExtensibilityGlobals) = postSolution
		SolutionGuid = {44701F37-AD58-46B9-83AF-DDB3727AF5E4}
	EndGlobalSection
EndGlobal
